// !$*UTF8*$!
{
	archiveVersion = 1;
	classes = {
	};
	objectVersion = 46;
	objects = {

/* Begin PBXBuildFile section */
		911B72711807C210002A622A /* main.c in Sources */ = {isa = PBXBuildFile; fileRef = 911B72701807C210002A622A /* main.c */; };
		911B72731807C210002A622A /* logc.1 in CopyFiles */ = {isa = PBXBuildFile; fileRef = 911B72721807C210002A622A /* logc.1 */; };
		911B727B1807C223002A622A /* logc.c in Sources */ = {isa = PBXBuildFile; fileRef = 911B727A1807C223002A622A /* logc.c */; };
/* End PBXBuildFile section */

/* Begin PBXCopyFilesBuildPhase section */
		911B726A1807C210002A622A /* CopyFiles */ = {
			isa = PBXCopyFilesBuildPhase;
			buildActionMask = 2147483647;
			dstPath = /usr/share/man/man1/;
			dstSubfolderSpec = 0;
			files = (
				911B72731807C210002A622A /* logc.1 in CopyFiles */,
			);
			runOnlyForDeploymentPostprocessing = 1;
		};
/* End PBXCopyFilesBuildPhase section */

/* Begin PBXFileReference section */
		911B726C1807C210002A622A /* logc */ = {isa = PBXFileReference; explicitFileType = "compiled.mach-o.executable"; includeInIndex = 0; path = logc; sourceTree = BUILT_PRODUCTS_DIR; };
		911B72701807C210002A622A /* main.c */ = {isa = PBXFileReference; lastKnownFileType = sourcecode.c.c; path = main.c; sourceTree = "<group>"; };
		911B72721807C210002A622A /* logc.1 */ = {isa = PBXFileReference; lastKnownFileType = text.man; path = logc.1; sourceTree = "<group>"; };
		911B72791807C21B002A622A /* logc.h */ = {isa = PBXFileReference; lastKnownFileType = sourcecode.c.h; path = logc.h; sourceTree = "<group>"; };
		911B727A1807C223002A622A /* logc.c */ = {isa = PBXFileReference; fileEncoding = 4; lastKnownFileType = sourcecode.c.c; path = logc.c; sourceTree = "<group>"; };
/* End PBXFileReference section */

/* Begin PBXFrameworksBuildPhase section */
		911B72691807C210002A622A /* Frameworks */ = {
			isa = PBXFrameworksBuildPhase;
			buildActionMask = 2147483647;
			files = (
			);
			runOnlyForDeploymentPostprocessing = 0;
		};
/* End PBXFrameworksBuildPhase section */

/* Begin PBXGroup section */
		911B72611807C210002A622A = {
			isa = PBXGroup;
			children = (
				911B726F1807C210002A622A /* logc */,
				911B726D1807C210002A622A /* Products */,
			);
			sourceTree = "<group>";
		};
		911B726D1807C210002A622A /* Products */ = {
			isa = PBXGroup;
			children = (
				911B726C1807C210002A622A /* logc */,
			);
			name = Products;
			sourceTree = "<group>";
		};
		911B726F1807C210002A622A /* logc */ = {
			isa = PBXGroup;
			children = (
				911B72701807C210002A622A /* main.c */,
				911B72721807C210002A622A /* logc.1 */,
				911B72791807C21B002A622A /* logc.h */,
				911B727A1807C223002A622A /* logc.c */,
			);
			path = logc;
			sourceTree = "<group>";
		};
/* End PBXGroup section */

/* Begin PBXNativeTarget section */
		911B726B1807C210002A622A /* logc */ = {
			isa = PBXNativeTarget;
			buildConfigurationList = 911B72761807C210002A622A /* Build configuration list for PBXNativeTarget "logc" */;
			buildPhases = (
				911B72681807C210002A622A /* Sources */,
				911B72691807C210002A622A /* Frameworks */,
				911B726A1807C210002A622A /* CopyFiles */,
			);
			buildRules = (
			);
			dependencies = (
			);
			name = logc;
			productName = logc;
			productReference = 911B726C1807C210002A622A /* logc */;
			productType = "com.apple.product-type.tool";
		};
/* End PBXNativeTarget section */

/* Begin PBXProject section */
		911B72631807C210002A622A /* Project object */ = {
			isa = PBXProject;
			attributes = {
				LastUpgradeCheck = 0450;
				ORGANIZATIONNAME = cooniur;
			};
			buildConfigurationList = 911B72661807C210002A622A /* Build configuration list for PBXProject "logc" */;
			compatibilityVersion = "Xcode 3.2";
			developmentRegion = English;
			hasScannedForEncodings = 0;
			knownRegions = (
				en,
			);
			mainGroup = 911B72611807C210002A622A;
			productRefGroup = 911B726D1807C210002A622A /* Products */;
			projectDirPath = "";
			projectRoot = "";
			targets = (
				911B726B1807C210002A622A /* logc */,
			);
		};
/* End PBXProject section */

/* Begin PBXSourcesBuildPhase section */
		911B72681807C210002A622A /* Sources */ = {
			isa = PBXSourcesBuildPhase;
			buildActionMask = 2147483647;
			files = (
				911B72711807C210002A622A /* main.c in Sources */,
				911B727B1807C223002A622A /* logc.c in Sources */,
			);
			runOnlyForDeploymentPostprocessing = 0;
		};
/* End PBXSourcesBuildPhase section */

/* Begin XCBuildConfiguration section */
		911B72741807C210002A622A /* Debug */ = {
			isa = XCBuildConfiguration;
			buildSettings = {
				ALWAYS_SEARCH_USER_PATHS = NO;
				ARCHS = "$(ARCHS_STANDARD_64_BIT)";
				CLANG_CXX_LANGUAGE_STANDARD = "gnu++0x";
				CLANG_CXX_LIBRARY = "libc++";
				CLANG_WARN_EMPTY_BODY = YES;
				CLANG_WARN__DUPLICATE_METHOD_MATCH = YES;
				COPY_PHASE_STRIP = NO;
				GCC_C_LANGUAGE_STANDARD = gnu99;
				GCC_DYNAMIC_NO_PIC = NO;
				GCC_ENABLE_OBJC_EXCEPTIONS = YES;
				GCC_OPTIMIZATION_LEVEL = 0;
				GCC_PREPROCESSOR_DEFINITIONS = (
					"DEBUG=1",
					"$(inherited)",
				);
				GCC_SYMBOLS_PRIVATE_EXTERN = NO;
				GCC_WARN_64_TO_32_BIT_CONVERSION = YES;
				GCC_WARN_ABOUT_RETURN_TYPE = YES;
				GCC_WARN_UNINITIALIZED_AUTOS = YES;
				GCC_WARN_UNUSED_VARIABLE = YES;
				MACOSX_DEPLOYMENT_TARGET = 10.8;
				ONLY_ACTIVE_ARCH = YES;
				SDKROOT = macosx;
			};
			name = Debug;
		};
		911B72751807C210002A622A /* Release */ = {
			isa = XCBuildConfiguration;
			buildSettings = {
				ALWAYS_SEARCH_USER_PATHS = NO;
				ARCHS = "$(ARCHS_STANDARD_64_BIT)";
				CLANG_CXX_LANGUAGE_STANDARD = "gnu++0x";
				CLANG_CXX_LIBRARY = "libc++";
				CLANG_WARN_EMPTY_BODY = YES;
				CLANG_WARN__DUPLICATE_METHOD_MATCH = YES;
				COPY_PHASE_STRIP = YES;
				DEBUG_INFORMATION_FORMAT = "dwarf-with-dsym";
				GCC_C_LANGUAGE_STANDARD = gnu99;
				GCC_ENABLE_OBJC_EXCEPTIONS = YES;
				GCC_WARN_64_TO_32_BIT_CONVERSION = YES;
				GCC_WARN_ABOUT_RETURN_TYPE = YES;
				GCC_WARN_UNINITIALIZED_AUTOS = YES;
				GCC_WARN_UNUSED_VARIABLE = YES;
				MACOSX_DEPLOYMENT_TARGET = 10.8;
				SDKROOT = macosx;
			};
			name = Release;
		};
		911B72771807C210002A622A /* Debug */ = {
			isa = XCBuildConfiguration;
			buildSettings = {
				PRODUCT_NAME = "$(TARGET_NAME)";
			};
			name = Debug;
		};
		911B72781807C210002A622A /* Release */ = {
			isa = XCBuildConfiguration;
			buildSettings = {
				PRODUCT_NAME = "$(TARGET_NAME)";
			};
			name = Release;
		};
/* End XCBuildConfiguration section */

/* Begin XCConfigurationList section */
		911B72661807C210002A622A /* Build configuration list for PBXProject "logc" */ = {
			isa = XCConfigurationList;
			buildConfigurations = (
				911B72741807C210002A622A /* Debug */,
				911B72751807C210002A622A /* Release */,
			);
			defaultConfigurationIsVisible = 0;
			defaultConfigurationName = Release;
		};
		911B72761807C210002A622A /* Build configuration list for PBXNativeTarget "logc" */ = {
			isa = XCConfigurationList;
			buildConfigurations = (
				911B72771807C210002A622A /* Debug */,
				911B72781807C210002A622A /* Release */,
			);
			defaultConfigurationIsVisible = 0;
		};
/* End XCConfigurationList section */
	};
	rootObject = 911B72631807C210002A622A /* Project object */;
}
